
Microsoft Visual Studio Solution File, Format Version 12.00
# Visual Studio Version 16
VisualStudioVersion = 16.0.31515.178
MinimumVisualStudioVersion = 10.0.40219.1
Project("{9A19103F-16F7-4668-BE54-9A1E7A4F7556}") = "FacioRatio.CSharpRailway", "FacioRatio.CSharpRailway\FacioRatio.CSharpRailway.csproj", "{C06BDA69-4EDC-4AF2-B7D4-69A94745113F}"
EndProject
Project("{FAE04EC0-301F-11D3-BF4B-00C04F79EFBC}") = "FacioRatio.CSharpRailway.Tests", "FacioRatio.CSharpRailway.Tests\FacioRatio.CSharpRailway.Tests.csproj", "{293F89FE-BD7C-4575-8F61-6DD5555E71A9}"
EndProject
Project("{FAE04EC0-301F-11D3-BF4B-00C04F79EFBC}") = "FacioRatio.CSharpRailway.Example", "FacioRatio.CSharpRailway.Example\FacioRatio.CSharpRailway.Example.csproj", "{CC4CD966-7FB1-4F01-BD30-BC8F6F0EB48D}"
EndProject
Global
	GlobalSection(SolutionConfigurationPlatforms) = preSolution
		Debug|Any CPU = Debug|Any CPU
		Release|Any CPU = Release|Any CPU
	EndGlobalSection
	GlobalSection(ProjectConfigurationPlatforms) = postSolution
		{C06BDA69-4EDC-4AF2-B7D4-69A94745113F}.Debug|Any CPU.ActiveCfg = Debug|Any CPU
		{C06BDA69-4EDC-4AF2-B7D4-69A94745113F}.Debug|Any CPU.Build.0 = Debug|Any CPU
		{C06BDA69-4EDC-4AF2-B7D4-69A94745113F}.Release|Any CPU.ActiveCfg = Release|Any CPU
		{C06BDA69-4EDC-4AF2-B7D4-69A94745113F}.Release|Any CPU.Build.0 = Release|Any CPU
		{293F89FE-BD7C-4575-8F61-6DD5555E71A9}.Debug|Any CPU.ActiveCfg = Debug|Any CPU
		{293F89FE-BD7C-4575-8F61-6DD5555E71A9}.Debug|Any CPU.Build.0 = Debug|Any CPU
		{293F89FE-BD7C-4575-8F61-6DD5555E71A9}.Release|Any CPU.ActiveCfg = Release|Any CPU
		{293F89FE-BD7C-4575-8F61-6DD5555E71A9}.Release|Any CPU.Build.0 = Release|Any CPU
		{CC4CD966-7FB1-4F01-BD30-BC8F6F0EB48D}.Debug|Any CPU.ActiveCfg = Debug|Any CPU
		{CC4CD966-7FB1-4F01-BD30-BC8F6F0EB48D}.Debug|Any CPU.Build.0 = Debug|Any CPU
		{CC4CD966-7FB1-4F01-BD30-BC8F6F0EB48D}.Release|Any CPU.ActiveCfg = Release|Any CPU
		{CC4CD966-7FB1-4F01-BD30-BC8F6F0EB48D}.Release|Any CPU.Build.0 = Release|Any CPU
	EndGlobalSection
	GlobalSection(SolutionProperties) = preSolution
		HideSolutionNode = FALSE
	EndGlobalSection
	GlobalSection(ExtensibilityGlobals) = postSolution
		SolutionGuid = {9316DB77-217E-4F26-85EC-C8B09B74BA58}
	EndGlobalSection
EndGlobal
